
Microsoft Visual Studio Solution File, Format Version 12.00
# Visual Studio Version 16
VisualStudioVersion = 16.0.30523.141
MinimumVisualStudioVersion = 10.0.40219.1
Project("{9A19103F-16F7-4668-BE54-9A1E7A4F7556}") = "PerformanceCounters", "PerformanceCounters\PerformanceCounters.csproj", "{438286BA-35F7-4EB4-BD11-A259CF7BA910}"
EndProject
Project("{FAE04EC0-301F-11D3-BF4B-00C04F79EFBC}") = "Demo", "Demo\Demo.csproj", "{807DFA31-2251-43AB-9D02-6F94665E5BDD}"
EndProject
Global
	GlobalSection(SolutionConfigurationPlatforms) = preSolution
		Debug|Any CPU = Debug|Any CPU
		Release|Any CPU = Release|Any CPU
	EndGlobalSection
	GlobalSection(ProjectConfigurationPlatforms) = postSolution
		{438286BA-35F7-4EB4-BD11-A259CF7BA910}.Debug|Any CPU.ActiveCfg = Debug|Any CPU
		{438286BA-35F7-4EB4-BD11-A259CF7BA910}.Debug|Any CPU.Build.0 = Debug|Any CPU
		{438286BA-35F7-4EB4-BD11-A259CF7BA910}.Release|Any CPU.ActiveCfg = Release|Any CPU
		{438286BA-35F7-4EB4-BD11-A259CF7BA910}.Release|Any CPU.Build.0 = Release|Any CPU
		{807DFA31-2251-43AB-9D02-6F94665E5BDD}.Debug|Any CPU.ActiveCfg = Debug|Any CPU
		{807DFA31-2251-43AB-9D02-6F94665E5BDD}.Debug|Any CPU.Build.0 = Debug|Any CPU
		{807DFA31-2251-43AB-9D02-6F94665E5BDD}.Release|Any CPU.ActiveCfg = Release|Any CPU
		{807DFA31-2251-43AB-9D02-6F94665E5BDD}.Release|Any CPU.Build.0 = Release|Any CPU
	EndGlobalSection
	GlobalSection(SolutionProperties) = preSolution
		HideSolutionNode = FALSE
	EndGlobalSection
	GlobalSection(ExtensibilityGlobals) = postSolution
		SolutionGuid = {AD942F09-3C41-40E6-AB65-4AA78C9782A5}
	EndGlobalSection
EndGlobal
